{
  "version": 2,
  "dependencies": {
    "net11.0": {
      "Microsoft.CodeAnalysis.PublicApiAnalyzers": {
        "type": "Direct",
        "requested": "[5.6.0, )",
        "resolved": "5.6.0",
        "contentHash": "W4kJGezNIKLzo0Ak5FAQDFvkMf2U7DtGL4THmHyRSApfKsKt5V+eX/bU0ZLKAt/uf9Bb2o1bi0YDKj/GRB/vYQ=="
      },
      "Microsoft.NET.ILLink.Tasks": {
        "type": "Direct",
        "requested": "[11.0.0-rc.1.26425.128, )",
        "resolved": "11.0.0-rc.1.26425.128",
        "contentHash": "oMgihfjNcxZpR9B/O5Ke8Qmr8CJcpdzG4PnVYtA6Ja4g41NELxLRuiqqh5ys7w+ourEBNng2IIZnrlMJXfncmQ=="
      },
      "MySqlConnector": {
        "type": "Direct",
        "requested": "[2.5.0, 3.0.0)",
        "resolved": "2.5.0",
        "contentHash": "hoAwfHHF8DlRRqwHOhN3u1KLi+XbX/4LPS7Anfa+SYC97vRyIfdEOEEfj1L50q01Ik8aDNvmDrNmu/VPFiAiaQ=="
      }
    }
  }
}